
Microsoft Visual Studio Solution File, Format Version 12.00
# Visual Studio Version 16
VisualStudioVersion = 16.0.31624.102
MinimumVisualStudioVersion = 10.0.40219.1
Project("{9A19103F-16F7-4668-BE54-9A1E7A4F7556}") = "01.Student Information.Fundamentals", "01.Student Information.Fundamentals.csproj", "{141CB612-6B57-4706-B72D-535A3FE20DE0}"
EndProject
Project("{FAE04EC0-301F-11D3-BF4B-00C04F79EFBC}") = "02.Passed.Fundamentals", "..\02.Passed.Fundamentals\02.Passed.Fundamentals.csproj", "{456570AE-9DEF-441C-8501-27B6FEE39349}"
EndProject
Project("{FAE04EC0-301F-11D3-BF4B-00C04F79EFBC}") = "03.PassedOrFailed.Fundamentals", "..\03.PassedOrFail.Fundamentals\03.PassedOrFailed.Fundamentals.csproj", "{ECE864FE-4CA1-4113-B55F-2C8F63CC431C}"
EndProject
Project("{FAE04EC0-301F-11D3-BF4B-00C04F79EFBC}") = "04.BackIn30Minutes", "..\04.BackIn30Minutes\04.BackIn30Minutes.csproj", "{CEF2FF5A-C917-44CE-8DD4-F4E8ECC54784}"
EndProject
Project("{FAE04EC0-301F-11D3-BF4B-00C04F79EFBC}") = "05. Month Printer", "..\05. Month Printer\05. Month Printer.csproj", "{792DB375-2ECB-4965-B3B4-D869BB40A345}"
EndProject
Project("{FAE04EC0-301F-11D3-BF4B-00C04F79EFBC}") = "06. Foreign Languages", "..\06. Foreign Languages\06. Foreign Languages.csproj", "{A1FCAD42-5A3B-48B6-8C04-C040FB6C79FD}"
EndProject
Project("{FAE04EC0-301F-11D3-BF4B-00C04F79EFBC}") = "07. Theatre Promotion", "..\07. Theatre Promotion\07. Theatre Promotion.csproj", "{8FD396BB-0B13-487D-8631-5537D06D1738}"
EndProject
Project("{FAE04EC0-301F-11D3-BF4B-00C04F79EFBC}") = "08. Divisible by 3", "..\08. Divisible by 3\08. Divisible by 3.csproj", "{B3012FB6-9F85-4FB7-8264-7A338A30A33B}"
EndProject
Project("{FAE04EC0-301F-11D3-BF4B-00C04F79EFBC}") = "09. Sum of Odd Numbers", "..\09. Sum of Odd Numbers\09. Sum of Odd Numbers.csproj", "{9FEAFD97-6076-4981-A652-CEC7EF1E3526}"
EndProject
Project("{FAE04EC0-301F-11D3-BF4B-00C04F79EFBC}") = "10. Multiplication Table", "..\10. Multiplication Table\10. Multiplication Table.csproj", "{37123DEE-5BBA-47B0-A4F4-9241BED8E879}"
EndProject
Project("{FAE04EC0-301F-11D3-BF4B-00C04F79EFBC}") = "11. Multiplication Table 2.0", "..\11. Multiplication Table 2.0\11. Multiplication Table 2.0.csproj", "{FDB15513-34E2-444D-820D-74E725291159}"
EndProject
Project("{FAE04EC0-301F-11D3-BF4B-00C04F79EFBC}") = "12. Even Number", "..\12. Even Number\12. Even Number.csproj", "{FB41E5ED-7395-44B7-BBE7-D6655F437903}"
EndProject
Project("{FAE04EC0-301F-11D3-BF4B-00C04F79EFBC}") = "13. Holidays Between Two Dates", "..\13. Holidays Between Two Dates\13. Holidays Between Two Dates.csproj", "{6396DE9C-D342-4A54-B7A2-92137BDD333C}"
EndProject
Global
	GlobalSection(SolutionConfigurationPlatforms) = preSolution
		Debug|Any CPU = Debug|Any CPU
		Release|Any CPU = Release|Any CPU
	EndGlobalSection
	GlobalSection(ProjectConfigurationPlatforms) = postSolution
		{141CB612-6B57-4706-B72D-535A3FE20DE0}.Debug|Any CPU.ActiveCfg = Debug|Any CPU
		{141CB612-6B57-4706-B72D-535A3FE20DE0}.Debug|Any CPU.Build.0 = Debug|Any CPU
		{141CB612-6B57-4706-B72D-535A3FE20DE0}.Release|Any CPU.ActiveCfg = Release|Any CPU
		{141CB612-6B57-4706-B72D-535A3FE20DE0}.Release|Any CPU.Build.0 = Release|Any CPU
		{456570AE-9DEF-441C-8501-27B6FEE39349}.Debug|Any CPU.ActiveCfg = Debug|Any CPU
		{456570AE-9DEF-441C-8501-27B6FEE39349}.Debug|Any CPU.Build.0 = Debug|Any CPU
		{456570AE-9DEF-441C-8501-27B6FEE39349}.Release|Any CPU.ActiveCfg = Release|Any CPU
		{456570AE-9DEF-441C-8501-27B6FEE39349}.Release|Any CPU.Build.0 = Release|Any CPU
		{ECE864FE-4CA1-4113-B55F-2C8F63CC431C}.Debug|Any CPU.ActiveCfg = Debug|Any CPU
		{ECE864FE-4CA1-4113-B55F-2C8F63CC431C}.Debug|Any CPU.Build.0 = Debug|Any CPU
		{ECE864FE-4CA1-4113-B55F-2C8F63CC431C}.Release|Any CPU.ActiveCfg = Release|Any CPU
		{ECE864FE-4CA1-4113-B55F-2C8F63CC431C}.Release|Any CPU.Build.0 = Release|Any CPU
		{CEF2FF5A-C917-44CE-8DD4-F4E8ECC54784}.Debug|Any CPU.ActiveCfg = Debug|Any CPU
		{CEF2FF5A-C917-44CE-8DD4-F4E8ECC54784}.Debug|Any CPU.Build.0 = Debug|Any CPU
		{CEF2FF5A-C917-44CE-8DD4-F4E8ECC54784}.Release|Any CPU.ActiveCfg = Release|Any CPU
		{CEF2FF5A-C917-44CE-8DD4-F4E8ECC54784}.Release|Any CPU.Build.0 = Release|Any CPU
		{792DB375-2ECB-4965-B3B4-D869BB40A345}.Debug|Any CPU.ActiveCfg = Debug|Any CPU
		{792DB375-2ECB-4965-B3B4-D869BB40A345}.Debug|Any CPU.Build.0 = Debug|Any CPU
		{792DB375-2ECB-4965-B3B4-D869BB40A345}.Release|Any CPU.ActiveCfg = Release|Any CPU
		{792DB375-2ECB-4965-B3B4-D869BB40A345}.Release|Any CPU.Build.0 = Release|Any CPU
		{A1FCAD42-5A3B-48B6-8C04-C040FB6C79FD}.Debug|Any CPU.ActiveCfg = Debug|Any CPU
		{A1FCAD42-5A3B-48B6-8C04-C040FB6C79FD}.Debug|Any CPU.Build.0 = Debug|Any CPU
		{A1FCAD42-5A3B-48B6-8C04-C040FB6C79FD}.Release|Any CPU.ActiveCfg = Release|Any CPU
		{A1FCAD42-5A3B-48B6-8C04-C040FB6C79FD}.Release|Any CPU.Build.0 = Release|Any CPU
		{8FD396BB-0B13-487D-8631-5537D06D1738}.Debug|Any CPU.ActiveCfg = Debug|Any CPU
		{8FD396BB-0B13-487D-8631-5537D06D1738}.Debug|Any CPU.Build.0 = Debug|Any CPU
		{8FD396BB-0B13-487D-8631-5537D06D1738}.Release|Any CPU.ActiveCfg = Release|Any CPU
		{8FD396BB-0B13-487D-8631-5537D06D1738}.Release|Any CPU.Build.0 = Release|Any CPU
		{B3012FB6-9F85-4FB7-8264-7A338A30A33B}.Debug|Any CPU.ActiveCfg = Debug|Any CPU
		{B3012FB6-9F85-4FB7-8264-7A338A30A33B}.Debug|Any CPU.Build.0 = Debug|Any CPU
		{B3012FB6-9F85-4FB7-8264-7A338A30A33B}.Release|Any CPU.ActiveCfg = Release|Any CPU
		{B3012FB6-9F85-4FB7-8264-7A338A30A33B}.Release|Any CPU.Build.0 = Release|Any CPU
		{9FEAFD97-6076-4981-A652-CEC7EF1E3526}.Debug|Any CPU.ActiveCfg = Debug|Any CPU
		{9FEAFD97-6076-4981-A652-CEC7EF1E3526}.Debug|Any CPU.Build.0 = Debug|Any CPU
		{9FEAFD97-6076-4981-A652-CEC7EF1E3526}.Release|Any CPU.ActiveCfg = Release|Any CPU
		{9FEAFD97-6076-4981-A652-CEC7EF1E3526}.Release|Any CPU.Build.0 = Release|Any CPU
		{37123DEE-5BBA-47B0-A4F4-9241BED8E879}.Debug|Any CPU.ActiveCfg = Debug|Any CPU
		{37123DEE-5BBA-47B0-A4F4-9241BED8E879}.Debug|Any CPU.Build.0 = Debug|Any CPU
		{37123DEE-5BBA-47B0-A4F4-9241BED8E879}.Release|Any CPU.ActiveCfg = Release|Any CPU
		{37123DEE-5BBA-47B0-A4F4-9241BED8E879}.Release|Any CPU.Build.0 = Release|Any CPU
		{FDB15513-34E2-444D-820D-74E725291159}.Debug|Any CPU.ActiveCfg = Debug|Any CPU
		{FDB15513-34E2-444D-820D-74E725291159}.Debug|Any CPU.Build.0 = Debug|Any CPU
		{FDB15513-34E2-444D-820D-74E725291159}.Release|Any CPU.ActiveCfg = Release|Any CPU
		{FDB15513-34E2-444D-820D-74E725291159}.Release|Any CPU.Build.0 = Release|Any CPU
		{FB41E5ED-7395-44B7-BBE7-D6655F437903}.Debug|Any CPU.ActiveCfg = Debug|Any CPU
		{FB41E5ED-7395-44B7-BBE7-D6655F437903}.Debug|Any CPU.Build.0 = Debug|Any CPU
		{FB41E5ED-7395-44B7-BBE7-D6655F437903}.Release|Any CPU.ActiveCfg = Release|Any CPU
		{FB41E5ED-7395-44B7-BBE7-D6655F437903}.Release|Any CPU.Build.0 = Release|Any CPU
		{6396DE9C-D342-4A54-B7A2-92137BDD333C}.Debug|Any CPU.ActiveCfg = Debug|Any CPU
		{6396DE9C-D342-4A54-B7A2-92137BDD333C}.Debug|Any CPU.Build.0 = Debug|Any CPU
		{6396DE9C-D342-4A54-B7A2-92137BDD333C}.Release|Any CPU.ActiveCfg = Release|Any CPU
		{6396DE9C-D342-4A54-B7A2-92137BDD333C}.Release|Any CPU.Build.0 = Release|Any CPU
	EndGlobalSection
	GlobalSection(SolutionProperties) = preSolution
		HideSolutionNode = FALSE
	EndGlobalSection
	GlobalSection(ExtensibilityGlobals) = postSolution
		SolutionGuid = {0C0A197A-89A1-4484-B0C7-503ED309AF2E}
	EndGlobalSection
EndGlobal
